// !$*UTF8*$!
{
	archiveVersion = 1;
	classes = {
	};
	objectVersion = 51;
	objects = {

/* Begin PBXBuildFile section */
		4B6A3AB826F1C0EF003071A4 /* AppDelegate.swift in Sources */ = {isa = PBXBuildFile; fileRef = 4B6A3AB726F1C0EF003071A4 /* AppDelegate.swift */; };
		4B6A3AC126F1C0F4003071A4 /* Assets.xcassets in Resources */ = {isa = PBXBuildFile; fileRef = 4B6A3AC026F1C0F4003071A4 /* Assets.xcassets */; };
		4B6A3AC426F1C0F4003071A4 /* LaunchScreen.storyboard in Resources */ = {isa = PBXBuildFile; fileRef = 4B6A3AC226F1C0F4003071A4 /* LaunchScreen.storyboard */; };
		4B6A3AD826F27940003071A4 /* PrintHelper.swift in Sources */ = {isa = PBXBuildFile; fileRef = 4B6A3AD226F27940003071A4 /* PrintHelper.swift */; };
		4B6A3AD926F27940003071A4 /* DissmissAnimator.swift in Sources */ = {isa = PBXBuildFile; fileRef = 4B6A3AD326F27940003071A4 /* DissmissAnimator.swift */; };
		4B6A3ADA26F27940003071A4 /* interactor.swift in Sources */ = {isa = PBXBuildFile; fileRef = 4B6A3AD426F27940003071A4 /* interactor.swift */; };
		4B6A3ADC26F27940003071A4 /* Navigatore.swift in Sources */ = {isa = PBXBuildFile; fileRef = 4B6A3AD626F27940003071A4 /* Navigatore.swift */; };
		4B6A3ADD26F27940003071A4 /* Loader.swift in Sources */ = {isa = PBXBuildFile; fileRef = 4B6A3AD726F27940003071A4 /* Loader.swift */; };
		4B6A3AE426F27CC3003071A4 /* Router.swift in Sources */ = {isa = PBXBuildFile; fileRef = 4B6A3AE226F27CC3003071A4 /* Router.swift */; };
		4B6A3AE526F27CC3003071A4 /* Router+User.swift in Sources */ = {isa = PBXBuildFile; fileRef = 4B6A3AE326F27CC3003071A4 /* Router+User.swift */; };
		4B6A3AED26F27CE0003071A4 /* Api.swift in Sources */ = {isa = PBXBuildFile; fileRef = 4B6A3AE626F27CDF003071A4 /* Api.swift */; };
		4B6A3AEE26F27CE0003071A4 /* HTTPMethod.swift in Sources */ = {isa = PBXBuildFile; fileRef = 4B6A3AE726F27CDF003071A4 /* HTTPMethod.swift */; };
		4B6A3AEF26F27CE0003071A4 /* MyEndpoint.swift in Sources */ = {isa = PBXBuildFile; fileRef = 4B6A3AE826F27CDF003071A4 /* MyEndpoint.swift */; };
		4B6A3AF026F27CE0003071A4 /* NetworkService.swift in Sources */ = {isa = PBXBuildFile; fileRef = 4B6A3AE926F27CDF003071A4 /* NetworkService.swift */; };
		4B6A3AF126F27CE0003071A4 /* Environment.swift in Sources */ = {isa = PBXBuildFile; fileRef = 4B6A3AEA26F27CE0003071A4 /* Environment.swift */; };
		4B6A3AF226F27CE0003071A4 /* ResponseStatus.swift in Sources */ = {isa = PBXBuildFile; fileRef = 4B6A3AEB26F27CE0003071A4 /* ResponseStatus.swift */; };
		4B6A3AF326F27CE0003071A4 /* Endpoint.swift in Sources */ = {isa = PBXBuildFile; fileRef = 4B6A3AEC26F27CE0003071A4 /* Endpoint.swift */; };
		4B6A3AF626F27E0B003071A4 /* Banner.swift in Sources */ = {isa = PBXBuildFile; fileRef = 4B6A3AF526F27E0B003071A4 /* Banner.swift */; };
		4B6A3AF926F27F13003071A4 /* Router+Banner.swift in Sources */ = {isa = PBXBuildFile; fileRef = 4B6A3AF826F27F13003071A4 /* Router+Banner.swift */; };
		4B6A3AFC26F280BC003071A4 /* Keys.swift in Sources */ = {isa = PBXBuildFile; fileRef = 4B6A3AFB26F280BC003071A4 /* Keys.swift */; };
		4B6A3AFE26F280D9003071A4 /* Keys+Api.swift in Sources */ = {isa = PBXBuildFile; fileRef = 4B6A3AFD26F280D9003071A4 /* Keys+Api.swift */; };
		4B6A3B0126F28679003071A4 /* Category.swift in Sources */ = {isa = PBXBuildFile; fileRef = 4B6A3B0026F28679003071A4 /* Category.swift */; };
		4B6A3B0526F28C85003071A4 /* Codable+Enum.swift in Sources */ = {isa = PBXBuildFile; fileRef = 4B6A3B0426F28C85003071A4 /* Codable+Enum.swift */; };
		4B6A3B0726F304F6003071A4 /* Router+Category.swift in Sources */ = {isa = PBXBuildFile; fileRef = 4B6A3B0626F304F6003071A4 /* Router+Category.swift */; };
		D44F5538629756A5CA727633 /* Pods_Sary.framework in Frameworks */ = {isa = PBXBuildFile; fileRef = 27D658C2C7E03F4565C7E771 /* Pods_Sary.framework */; };
/* End PBXBuildFile section */

/* Begin PBXFileReference section */
		1E0984C7793209AA304F06FA /* Pods-Sary.release.xcconfig */ = {isa = PBXFileReference; includeInIndex = 1; lastKnownFileType = text.xcconfig; name = "Pods-Sary.release.xcconfig"; path = "Target Support Files/Pods-Sary/Pods-Sary.release.xcconfig"; sourceTree = "<group>"; };
		27D658C2C7E03F4565C7E771 /* Pods_Sary.framework */ = {isa = PBXFileReference; explicitFileType = wrapper.framework; includeInIndex = 0; path = Pods_Sary.framework; sourceTree = BUILT_PRODUCTS_DIR; };
		4B6A3AB426F1C0EF003071A4 /* Sary.app */ = {isa = PBXFileReference; explicitFileType = wrapper.application; includeInIndex = 0; path = Sary.app; sourceTree = BUILT_PRODUCTS_DIR; };
		4B6A3AB726F1C0EF003071A4 /* AppDelegate.swift */ = {isa = PBXFileReference; lastKnownFileType = sourcecode.swift; path = AppDelegate.swift; sourceTree = "<group>"; };
		4B6A3AC026F1C0F4003071A4 /* Assets.xcassets */ = {isa = PBXFileReference; lastKnownFileType = folder.assetcatalog; path = Assets.xcassets; sourceTree = "<group>"; };
		4B6A3AC326F1C0F4003071A4 /* Base */ = {isa = PBXFileReference; lastKnownFileType = file.storyboard; name = Base; path = Base.lproj/LaunchScreen.storyboard; sourceTree = "<group>"; };
		4B6A3AC526F1C0F4003071A4 /* Info.plist */ = {isa = PBXFileReference; lastKnownFileType = text.plist.xml; path = Info.plist; sourceTree = "<group>"; };
		4B6A3AD226F27940003071A4 /* PrintHelper.swift */ = {isa = PBXFileReference; fileEncoding = 4; lastKnownFileType = sourcecode.swift; path = PrintHelper.swift; sourceTree = "<group>"; };
		4B6A3AD326F27940003071A4 /* DissmissAnimator.swift */ = {isa = PBXFileReference; fileEncoding = 4; lastKnownFileType = sourcecode.swift; path = DissmissAnimator.swift; sourceTree = "<group>"; };
		4B6A3AD426F27940003071A4 /* interactor.swift */ = {isa = PBXFileReference; fileEncoding = 4; lastKnownFileType = sourcecode.swift; path = interactor.swift; sourceTree = "<group>"; };
		4B6A3AD626F27940003071A4 /* Navigatore.swift */ = {isa = PBXFileReference; fileEncoding = 4; lastKnownFileType = sourcecode.swift; path = Navigatore.swift; sourceTree = "<group>"; };
		4B6A3AD726F27940003071A4 /* Loader.swift */ = {isa = PBXFileReference; fileEncoding = 4; lastKnownFileType = sourcecode.swift; path = Loader.swift; sourceTree = "<group>"; };
		4B6A3AE226F27CC3003071A4 /* Router.swift */ = {isa = PBXFileReference; fileEncoding = 4; lastKnownFileType = sourcecode.swift; path = Router.swift; sourceTree = "<group>"; };
		4B6A3AE326F27CC3003071A4 /* Router+User.swift */ = {isa = PBXFileReference; fileEncoding = 4; lastKnownFileType = sourcecode.swift; path = "Router+User.swift"; sourceTree = "<group>"; };
		4B6A3AE626F27CDF003071A4 /* Api.swift */ = {isa = PBXFileReference; fileEncoding = 4; lastKnownFileType = sourcecode.swift; path = Api.swift; sourceTree = "<group>"; };
		4B6A3AE726F27CDF003071A4 /* HTTPMethod.swift */ = {isa = PBXFileReference; fileEncoding = 4; lastKnownFileType = sourcecode.swift; path = HTTPMethod.swift; sourceTree = "<group>"; };
		4B6A3AE826F27CDF003071A4 /* MyEndpoint.swift */ = {isa = PBXFileReference; fileEncoding = 4; lastKnownFileType = sourcecode.swift; path = MyEndpoint.swift; sourceTree = "<group>"; };
		4B6A3AE926F27CDF003071A4 /* NetworkService.swift */ = {isa = PBXFileReference; fileEncoding = 4; lastKnownFileType = sourcecode.swift; path = NetworkService.swift; sourceTree = "<group>"; };
		4B6A3AEA26F27CE0003071A4 /* Environment.swift */ = {isa = PBXFileReference; fileEncoding = 4; lastKnownFileType = sourcecode.swift; path = Environment.swift; sourceTree = "<group>"; };
		4B6A3AEB26F27CE0003071A4 /* ResponseStatus.swift */ = {isa = PBXFileReference; fileEncoding = 4; lastKnownFileType = sourcecode.swift; path = ResponseStatus.swift; sourceTree = "<group>"; };
		4B6A3AEC26F27CE0003071A4 /* Endpoint.swift */ = {isa = PBXFileReference; fileEncoding = 4; lastKnownFileType = sourcecode.swift; path = Endpoint.swift; sourceTree = "<group>"; };
		4B6A3AF526F27E0B003071A4 /* Banner.swift */ = {isa = PBXFileReference; lastKnownFileType = sourcecode.swift; path = Banner.swift; sourceTree = "<group>"; };
		4B6A3AF826F27F13003071A4 /* Router+Banner.swift */ = {isa = PBXFileReference; lastKnownFileType = sourcecode.swift; path = "Router+Banner.swift"; sourceTree = "<group>"; };
		4B6A3AFB26F280BC003071A4 /* Keys.swift */ = {isa = PBXFileReference; lastKnownFileType = sourcecode.swift; path = Keys.swift; sourceTree = "<group>"; };
		4B6A3AFD26F280D9003071A4 /* Keys+Api.swift */ = {isa = PBXFileReference; lastKnownFileType = sourcecode.swift; path = "Keys+Api.swift"; sourceTree = "<group>"; };
		4B6A3B0026F28679003071A4 /* Category.swift */ = {isa = PBXFileReference; lastKnownFileType = sourcecode.swift; path = Category.swift; sourceTree = "<group>"; };
		4B6A3B0426F28C85003071A4 /* Codable+Enum.swift */ = {isa = PBXFileReference; fileEncoding = 4; lastKnownFileType = sourcecode.swift; path = "Codable+Enum.swift"; sourceTree = "<group>"; };
		4B6A3B0626F304F6003071A4 /* Router+Category.swift */ = {isa = PBXFileReference; lastKnownFileType = sourcecode.swift; path = "Router+Category.swift"; sourceTree = "<group>"; };
		B79813F9B61D68BE2FBDBD20 /* Pods-Sary.debug.xcconfig */ = {isa = PBXFileReference; includeInIndex = 1; lastKnownFileType = text.xcconfig; name = "Pods-Sary.debug.xcconfig"; path = "Target Support Files/Pods-Sary/Pods-Sary.debug.xcconfig"; sourceTree = "<group>"; };
/* End PBXFileReference section */

/* Begin PBXFrameworksBuildPhase section */
		4B6A3AB126F1C0EF003071A4 /* Frameworks */ = {
			isa = PBXFrameworksBuildPhase;
			buildActionMask = 2147483647;
			files = (
				D44F5538629756A5CA727633 /* Pods_Sary.framework in Frameworks */,
			);
			runOnlyForDeploymentPostprocessing = 0;
		};
/* End PBXFrameworksBuildPhase section */

/* Begin PBXGroup section */
		4B6A3AAB26F1C0EF003071A4 = {
			isa = PBXGroup;
			children = (
				4B6A3AB626F1C0EF003071A4 /* Sary */,
				4B6A3AB526F1C0EF003071A4 /* Products */,
				6A79F0C808ED3E98792C7002 /* Pods */,
				DC61CD878CE47303E5BBD465 /* Frameworks */,
			);
			sourceTree = "<group>";
		};
		4B6A3AB526F1C0EF003071A4 /* Products */ = {
			isa = PBXGroup;
			children = (
				4B6A3AB426F1C0EF003071A4 /* Sary.app */,
			);
			name = Products;
			sourceTree = "<group>";
		};
		4B6A3AB626F1C0EF003071A4 /* Sary */ = {
			isa = PBXGroup;
			children = (
				4B6A3ACD26F278D8003071A4 /* Application */,
				4B6A3ACC26F278C1003071A4 /* PresenterLayer */,
				4B6A3ACB26F278B9003071A4 /* DataLayer */,
			);
			path = Sary;
			sourceTree = "<group>";
		};
		4B6A3ACB26F278B9003071A4 /* DataLayer */ = {
			isa = PBXGroup;
			children = (
				4B6A3AE126F27CA8003071A4 /* Network */,
				4B6A3AE026F27CA2003071A4 /* Model */,
				4B6A3ADF26F27C9A003071A4 /* Router */,
			);
			path = DataLayer;
			sourceTree = "<group>";
		};
		4B6A3ACC26F278C1003071A4 /* PresenterLayer */ = {
			isa = PBXGroup;
			children = (
			);
			path = PresenterLayer;
			sourceTree = "<group>";
		};
		4B6A3ACD26F278D8003071A4 /* Application */ = {
			isa = PBXGroup;
			children = (
				4B6A3ADE26F27B57003071A4 /* SupportingFiles */,
				4B6A3AD126F2792A003071A4 /* Helpers */,
				4B6A3ACE26F278F6003071A4 /* Extensions */,
				4B6A3AFA26F2809C003071A4 /* Keys */,
			);
			path = Application;
			sourceTree = "<group>";
		};
		4B6A3ACE26F278F6003071A4 /* Extensions */ = {
			isa = PBXGroup;
			children = (
				4B6A3AD026F27914003071A4 /* Foundation */,
				4B6A3ACF26F2790B003071A4 /* UIKit */,
			);
			path = Extensions;
			sourceTree = "<group>";
		};
		4B6A3ACF26F2790B003071A4 /* UIKit */ = {
			isa = PBXGroup;
			children = (
			);
			path = UIKit;
			sourceTree = "<group>";
		};
		4B6A3AD026F27914003071A4 /* Foundation */ = {
			isa = PBXGroup;
			children = (
			);
			path = Foundation;
			sourceTree = "<group>";
		};
		4B6A3AD126F2792A003071A4 /* Helpers */ = {
			isa = PBXGroup;
			children = (
				4B6A3AD326F27940003071A4 /* DissmissAnimator.swift */,
				4B6A3AD426F27940003071A4 /* interactor.swift */,
				4B6A3AD726F27940003071A4 /* Loader.swift */,
				4B6A3AD626F27940003071A4 /* Navigatore.swift */,
				4B6A3AD226F27940003071A4 /* PrintHelper.swift */,
			);
			path = Helpers;
			sourceTree = "<group>";
		};
		4B6A3ADE26F27B57003071A4 /* SupportingFiles */ = {
			isa = PBXGroup;
			children = (
				4B6A3AB726F1C0EF003071A4 /* AppDelegate.swift */,
				4B6A3AC026F1C0F4003071A4 /* Assets.xcassets */,
				4B6A3AC226F1C0F4003071A4 /* LaunchScreen.storyboard */,
				4B6A3AC526F1C0F4003071A4 /* Info.plist */,
			);
			path = SupportingFiles;
			sourceTree = "<group>";
		};
		4B6A3ADF26F27C9A003071A4 /* Router */ = {
			isa = PBXGroup;
			children = (
				4B6A3AE226F27CC3003071A4 /* Router.swift */,
				4B6A3AE326F27CC3003071A4 /* Router+User.swift */,
				4B6A3AF826F27F13003071A4 /* Router+Banner.swift */,
				4B6A3B0626F304F6003071A4 /* Router+Category.swift */,
			);
			path = Router;
			sourceTree = "<group>";
		};
		4B6A3AE026F27CA2003071A4 /* Model */ = {
			isa = PBXGroup;
			children = (
				4B6A3B0426F28C85003071A4 /* Codable+Enum.swift */,
				4B6A3AF526F27E0B003071A4 /* Banner.swift */,
				4B6A3B0026F28679003071A4 /* Category.swift */,
			);
			path = Model;
			sourceTree = "<group>";
		};
		4B6A3AE126F27CA8003071A4 /* Network */ = {
			isa = PBXGroup;
			children = (
				4B6A3AE626F27CDF003071A4 /* Api.swift */,
				4B6A3AEC26F27CE0003071A4 /* Endpoint.swift */,
				4B6A3AEA26F27CE0003071A4 /* Environment.swift */,
				4B6A3AE726F27CDF003071A4 /* HTTPMethod.swift */,
				4B6A3AE826F27CDF003071A4 /* MyEndpoint.swift */,
				4B6A3AE926F27CDF003071A4 /* NetworkService.swift */,
				4B6A3AEB26F27CE0003071A4 /* ResponseStatus.swift */,
			);
			path = Network;
			sourceTree = "<group>";
		};
		4B6A3AFA26F2809C003071A4 /* Keys */ = {
			isa = PBXGroup;
			children = (
				4B6A3AFB26F280BC003071A4 /* Keys.swift */,
				4B6A3AFD26F280D9003071A4 /* Keys+Api.swift */,
			);
			path = Keys;
			sourceTree = "<group>";
		};
		6A79F0C808ED3E98792C7002 /* Pods */ = {
			isa = PBXGroup;
			children = (
				B79813F9B61D68BE2FBDBD20 /* Pods-Sary.debug.xcconfig */,
				1E0984C7793209AA304F06FA /* Pods-Sary.release.xcconfig */,
			);
			path = Pods;
			sourceTree = "<group>";
		};
		DC61CD878CE47303E5BBD465 /* Frameworks */ = {
			isa = PBXGroup;
			children = (
				27D658C2C7E03F4565C7E771 /* Pods_Sary.framework */,
			);
			name = Frameworks;
			sourceTree = "<group>";
		};
/* End PBXGroup section */

/* Begin PBXNativeTarget section */
		4B6A3AB326F1C0EF003071A4 /* Sary */ = {
			isa = PBXNativeTarget;
			buildConfigurationList = 4B6A3AC826F1C0F4003071A4 /* Build configuration list for PBXNativeTarget "Sary" */;
			buildPhases = (
				4D7F6CF9FB4CDD3023872D8F /* [CP] Check Pods Manifest.lock */,
				4B6A3AB026F1C0EF003071A4 /* Sources */,
				4B6A3AB126F1C0EF003071A4 /* Frameworks */,
				4B6A3AB226F1C0EF003071A4 /* Resources */,
				B13FAB29AA5905EAE0FE6AEE /* [CP] Embed Pods Frameworks */,
			);
			buildRules = (
			);
			dependencies = (
			);
			name = Sary;
			productName = Sary;
			productReference = 4B6A3AB426F1C0EF003071A4 /* Sary.app */;
			productType = "com.apple.product-type.application";
		};
/* End PBXNativeTarget section */

/* Begin PBXProject section */
		4B6A3AAC26F1C0EF003071A4 /* Project object */ = {
			isa = PBXProject;
			attributes = {
				LastSwiftUpdateCheck = 1250;
				LastUpgradeCheck = 1250;
				TargetAttributes = {
					4B6A3AB326F1C0EF003071A4 = {
						CreatedOnToolsVersion = 12.5;
					};
				};
			};
			buildConfigurationList = 4B6A3AAF26F1C0EF003071A4 /* Build configuration list for PBXProject "Sary" */;
			compatibilityVersion = "Xcode 9.3";
			developmentRegion = en;
			hasScannedForEncodings = 0;
			knownRegions = (
				en,
				Base,
			);
			mainGroup = 4B6A3AAB26F1C0EF003071A4;
			productRefGroup = 4B6A3AB526F1C0EF003071A4 /* Products */;
			projectDirPath = "";
			projectRoot = "";
			targets = (
				4B6A3AB326F1C0EF003071A4 /* Sary */,
			);
		};
/* End PBXProject section */

/* Begin PBXResourcesBuildPhase section */
		4B6A3AB226F1C0EF003071A4 /* Resources */ = {
			isa = PBXResourcesBuildPhase;
			buildActionMask = 2147483647;
			files = (
				4B6A3AC426F1C0F4003071A4 /* LaunchScreen.storyboard in Resources */,
				4B6A3AC126F1C0F4003071A4 /* Assets.xcassets in Resources */,
			);
			runOnlyForDeploymentPostprocessing = 0;
		};
/* End PBXResourcesBuildPhase section */

/* Begin PBXShellScriptBuildPhase section */
		4D7F6CF9FB4CDD3023872D8F /* [CP] Check Pods Manifest.lock */ = {
			isa = PBXShellScriptBuildPhase;
			buildActionMask = 2147483647;
			files = (
			);
			inputFileListPaths = (
			);
			inputPaths = (
				"${PODS_PODFILE_DIR_PATH}/Podfile.lock",
				"${PODS_ROOT}/Manifest.lock",
			);
			name = "[CP] Check Pods Manifest.lock";
			outputFileListPaths = (
			);
			outputPaths = (
				"$(DERIVED_FILE_DIR)/Pods-Sary-checkManifestLockResult.txt",
			);
			runOnlyForDeploymentPostprocessing = 0;
			shellPath = /bin/sh;
			shellScript = "diff \"${PODS_PODFILE_DIR_PATH}/Podfile.lock\" \"${PODS_ROOT}/Manifest.lock\" > /dev/null\nif [ $? != 0 ] ; then\n    # print error to STDERR\n    echo \"error: The sandbox is not in sync with the Podfile.lock. Run 'pod install' or update your CocoaPods installation.\" >&2\n    exit 1\nfi\n# This output is used by Xcode 'outputs' to avoid re-running this script phase.\necho \"SUCCESS\" > \"${SCRIPT_OUTPUT_FILE_0}\"\n";
			showEnvVarsInLog = 0;
		};
		B13FAB29AA5905EAE0FE6AEE /* [CP] Embed Pods Frameworks */ = {
			isa = PBXShellScriptBuildPhase;
			buildActionMask = 2147483647;
			files = (
			);
			inputFileListPaths = (
				"${PODS_ROOT}/Target Support Files/Pods-Sary/Pods-Sary-frameworks-${CONFIGURATION}-input-files.xcfilelist",
			);
			name = "[CP] Embed Pods Frameworks";
			outputFileListPaths = (
				"${PODS_ROOT}/Target Support Files/Pods-Sary/Pods-Sary-frameworks-${CONFIGURATION}-output-files.xcfilelist",
			);
			runOnlyForDeploymentPostprocessing = 0;
			shellPath = /bin/sh;
			shellScript = "\"${PODS_ROOT}/Target Support Files/Pods-Sary/Pods-Sary-frameworks.sh\"\n";
			showEnvVarsInLog = 0;
		};
/* End PBXShellScriptBuildPhase section */

/* Begin PBXSourcesBuildPhase section */
		4B6A3AB026F1C0EF003071A4 /* Sources */ = {
			isa = PBXSourcesBuildPhase;
			buildActionMask = 2147483647;
			files = (
				4B6A3AF226F27CE0003071A4 /* ResponseStatus.swift in Sources */,
				4B6A3AFE26F280D9003071A4 /* Keys+Api.swift in Sources */,
				4B6A3AED26F27CE0003071A4 /* Api.swift in Sources */,
				4B6A3AD826F27940003071A4 /* PrintHelper.swift in Sources */,
				4B6A3AEF26F27CE0003071A4 /* MyEndpoint.swift in Sources */,
				4B6A3AF326F27CE0003071A4 /* Endpoint.swift in Sources */,
				4B6A3ADA26F27940003071A4 /* interactor.swift in Sources */,
				4B6A3AB826F1C0EF003071A4 /* AppDelegate.swift in Sources */,
				4B6A3AFC26F280BC003071A4 /* Keys.swift in Sources */,
				4B6A3AE426F27CC3003071A4 /* Router.swift in Sources */,
				4B6A3AD926F27940003071A4 /* DissmissAnimator.swift in Sources */,
				4B6A3B0126F28679003071A4 /* Category.swift in Sources */,
				4B6A3B0726F304F6003071A4 /* Router+Category.swift in Sources */,
				4B6A3ADD26F27940003071A4 /* Loader.swift in Sources */,
				4B6A3B0526F28C85003071A4 /* Codable+Enum.swift in Sources */,
				4B6A3AF126F27CE0003071A4 /* Environment.swift in Sources */,
				4B6A3ADC26F27940003071A4 /* Navigatore.swift in Sources */,
				4B6A3AEE26F27CE0003071A4 /* HTTPMethod.swift in Sources */,
				4B6A3AF626F27E0B003071A4 /* Banner.swift in Sources */,
				4B6A3AF026F27CE0003071A4 /* NetworkService.swift in Sources */,
				4B6A3AE526F27CC3003071A4 /* Router+User.swift in Sources */,
				4B6A3AF926F27F13003071A4 /* Router+Banner.swift in Sources */,
			);
			runOnlyForDeploymentPostprocessing = 0;
		};
/* End PBXSourcesBuildPhase section */

/* Begin PBXVariantGroup section */
		4B6A3AC226F1C0F4003071A4 /* LaunchScreen.storyboard */ = {
			isa = PBXVariantGroup;
			children = (
				4B6A3AC326F1C0F4003071A4 /* Base */,
			);
			name = LaunchScreen.storyboard;
			sourceTree = "<group>";
		};
/* End PBXVariantGroup section */

/* Begin XCBuildConfiguration section */
		4B6A3AC626F1C0F4003071A4 /* Debug */ = {
			isa = XCBuildConfiguration;
			buildSettings = {
				ALWAYS_SEARCH_USER_PATHS = NO;
				CLANG_ANALYZER_NONNULL = YES;
				CLANG_ANALYZER_NUMBER_OBJECT_CONVERSION = YES_AGGRESSIVE;
				CLANG_CXX_LANGUAGE_STANDARD = "gnu++14";
				CLANG_CXX_LIBRARY = "libc++";
				CLANG_ENABLE_MODULES = YES;
				CLANG_ENABLE_OBJC_ARC = YES;
				CLANG_ENABLE_OBJC_WEAK = YES;
				CLANG_WARN_BLOCK_CAPTURE_AUTORELEASING = YES;
				CLANG_WARN_BOOL_CONVERSION = YES;
				CLANG_WARN_COMMA = YES;
				CLANG_WARN_CONSTANT_CONVERSION = YES;
				CLANG_WARN_DEPRECATED_OBJC_IMPLEMENTATIONS = YES;
				CLANG_WARN_DIRECT_OBJC_ISA_USAGE = YES_ERROR;
				CLANG_WARN_DOCUMENTATION_COMMENTS = YES;
				CLANG_WARN_EMPTY_BODY = YES;
				CLANG_WARN_ENUM_CONVERSION = YES;
				CLANG_WARN_INFINITE_RECURSION = YES;
				CLANG_WARN_INT_CONVERSION = YES;
				CLANG_WARN_NON_LITERAL_NULL_CONVERSION = YES;
				CLANG_WARN_OBJC_IMPLICIT_RETAIN_SELF = YES;
				CLANG_WARN_OBJC_LITERAL_CONVERSION = YES;
				CLANG_WARN_OBJC_ROOT_CLASS = YES_ERROR;
				CLANG_WARN_QUOTED_INCLUDE_IN_FRAMEWORK_HEADER = YES;
				CLANG_WARN_RANGE_LOOP_ANALYSIS = YES;
				CLANG_WARN_STRICT_PROTOTYPES = YES;
				CLANG_WARN_SUSPICIOUS_MOVE = YES;
				CLANG_WARN_UNGUARDED_AVAILABILITY = YES_AGGRESSIVE;
				CLANG_WARN_UNREACHABLE_CODE = YES;
				CLANG_WARN__DUPLICATE_METHOD_MATCH = YES;
				COPY_PHASE_STRIP = NO;
				DEBUG_INFORMATION_FORMAT = dwarf;
				ENABLE_STRICT_OBJC_MSGSEND = YES;
				ENABLE_TESTABILITY = YES;
				GCC_C_LANGUAGE_STANDARD = gnu11;
				GCC_DYNAMIC_NO_PIC = NO;
				GCC_NO_COMMON_BLOCKS = YES;
				GCC_OPTIMIZATION_LEVEL = 0;
				GCC_PREPROCESSOR_DEFINITIONS = (
					"DEBUG=1",
					"$(inherited)",
				);
				GCC_WARN_64_TO_32_BIT_CONVERSION = YES;
				GCC_WARN_ABOUT_RETURN_TYPE = YES_ERROR;
				GCC_WARN_UNDECLARED_SELECTOR = YES;
				GCC_WARN_UNINITIALIZED_AUTOS = YES_AGGRESSIVE;
				GCC_WARN_UNUSED_FUNCTION = YES;
				GCC_WARN_UNUSED_VARIABLE = YES;
				IPHONEOS_DEPLOYMENT_TARGET = 14.5;
				MTL_ENABLE_DEBUG_INFO = INCLUDE_SOURCE;
				MTL_FAST_MATH = YES;
				ONLY_ACTIVE_ARCH = YES;
				SDKROOT = iphoneos;
				SWIFT_ACTIVE_COMPILATION_CONDITIONS = DEBUG;
				SWIFT_OPTIMIZATION_LEVEL = "-Onone";
			};
			name = Debug;
		};
		4B6A3AC726F1C0F4003071A4 /* Release */ = {
			isa = XCBuildConfiguration;
			buildSettings = {
				ALWAYS_SEARCH_USER_PATHS = NO;
				CLANG_ANALYZER_NONNULL = YES;
				CLANG_ANALYZER_NUMBER_OBJECT_CONVERSION = YES_AGGRESSIVE;
				CLANG_CXX_LANGUAGE_STANDARD = "gnu++14";
				CLANG_CXX_LIBRARY = "libc++";
				CLANG_ENABLE_MODULES = YES;
				CLANG_ENABLE_OBJC_ARC = YES;
				CLANG_ENABLE_OBJC_WEAK = YES;
				CLANG_WARN_BLOCK_CAPTURE_AUTORELEASING = YES;
				CLANG_WARN_BOOL_CONVERSION = YES;
				CLANG_WARN_COMMA = YES;
				CLANG_WARN_CONSTANT_CONVERSION = YES;
				CLANG_WARN_DEPRECATED_OBJC_IMPLEMENTATIONS = YES;
				CLANG_WARN_DIRECT_OBJC_ISA_USAGE = YES_ERROR;
				CLANG_WARN_DOCUMENTATION_COMMENTS = YES;
				CLANG_WARN_EMPTY_BODY = YES;
				CLANG_WARN_ENUM_CONVERSION = YES;
				CLANG_WARN_INFINITE_RECURSION = YES;
				CLANG_WARN_INT_CONVERSION = YES;
				CLANG_WARN_NON_LITERAL_NULL_CONVERSION = YES;
				CLANG_WARN_OBJC_IMPLICIT_RETAIN_SELF = YES;
				CLANG_WARN_OBJC_LITERAL_CONVERSION = YES;
				CLANG_WARN_OBJC_ROOT_CLASS = YES_ERROR;
				CLANG_WARN_QUOTED_INCLUDE_IN_FRAMEWORK_HEADER = YES;
				CLANG_WARN_RANGE_LOOP_ANALYSIS = YES;
				CLANG_WARN_STRICT_PROTOTYPES = YES;
				CLANG_WARN_SUSPICIOUS_MOVE = YES;
				CLANG_WARN_UNGUARDED_AVAILABILITY = YES_AGGRESSIVE;
				CLANG_WARN_UNREACHABLE_CODE = YES;
				CLANG_WARN__DUPLICATE_METHOD_MATCH = YES;
				COPY_PHASE_STRIP = NO;
				DEBUG_INFORMATION_FORMAT = "dwarf-with-dsym";
				ENABLE_NS_ASSERTIONS = NO;
				ENABLE_STRICT_OBJC_MSGSEND = YES;
				GCC_C_LANGUAGE_STANDARD = gnu11;
				GCC_NO_COMMON_BLOCKS = YES;
				GCC_WARN_64_TO_32_BIT_CONVERSION = YES;
				GCC_WARN_ABOUT_RETURN_TYPE = YES_ERROR;
				GCC_WARN_UNDECLARED_SELECTOR = YES;
				GCC_WARN_UNINITIALIZED_AUTOS = YES_AGGRESSIVE;
				GCC_WARN_UNUSED_FUNCTION = YES;
				GCC_WARN_UNUSED_VARIABLE = YES;
				IPHONEOS_DEPLOYMENT_TARGET = 14.5;
				MTL_ENABLE_DEBUG_INFO = NO;
				MTL_FAST_MATH = YES;
				SDKROOT = iphoneos;
				SWIFT_COMPILATION_MODE = wholemodule;
				SWIFT_OPTIMIZATION_LEVEL = "-O";
				VALIDATE_PRODUCT = YES;
			};
			name = Release;
		};
		4B6A3AC926F1C0F4003071A4 /* Debug */ = {
			isa = XCBuildConfiguration;
			baseConfigurationReference = B79813F9B61D68BE2FBDBD20 /* Pods-Sary.debug.xcconfig */;
			buildSettings = {
				ASSETCATALOG_COMPILER_APPICON_NAME = AppIcon;
				ASSETCATALOG_COMPILER_GLOBAL_ACCENT_COLOR_NAME = AccentColor;
				CODE_SIGN_STYLE = Automatic;
				DEVELOPMENT_TEAM = 5PB8VC8J48;
				INFOPLIST_FILE = "$(SRCROOT)/Sary/Application/SupportingFiles/Info.plist";
				LD_RUNPATH_SEARCH_PATHS = (
					"$(inherited)",
					"@executable_path/Frameworks",
				);
				PRODUCT_BUNDLE_IDENTIFIER = sary.Sary;
				PRODUCT_NAME = "$(TARGET_NAME)";
				SWIFT_VERSION = 5.0;
				TARGETED_DEVICE_FAMILY = 1;
			};
			name = Debug;
		};
		4B6A3ACA26F1C0F4003071A4 /* Release */ = {
			isa = XCBuildConfiguration;
			baseConfigurationReference = 1E0984C7793209AA304F06FA /* Pods-Sary.release.xcconfig */;
			buildSettings = {
				ASSETCATALOG_COMPILER_APPICON_NAME = AppIcon;
				ASSETCATALOG_COMPILER_GLOBAL_ACCENT_COLOR_NAME = AccentColor;
				CODE_SIGN_STYLE = Automatic;
				DEVELOPMENT_TEAM = 5PB8VC8J48;
				INFOPLIST_FILE = "$(SRCROOT)/Sary/Application/SupportingFiles/Info.plist";
				LD_RUNPATH_SEARCH_PATHS = (
					"$(inherited)",
					"@executable_path/Frameworks",
				);
				PRODUCT_BUNDLE_IDENTIFIER = sary.Sary;
				PRODUCT_NAME = "$(TARGET_NAME)";
				SWIFT_VERSION = 5.0;
				TARGETED_DEVICE_FAMILY = 1;
			};
			name = Release;
		};
/* End XCBuildConfiguration section */

/* Begin XCConfigurationList section */
		4B6A3AAF26F1C0EF003071A4 /* Build configuration list for PBXProject "Sary" */ = {
			isa = XCConfigurationList;
			buildConfigurations = (
				4B6A3AC626F1C0F4003071A4 /* Debug */,
				4B6A3AC726F1C0F4003071A4 /* Release */,
			);
			defaultConfigurationIsVisible = 0;
			defaultConfigurationName = Release;
		};
		4B6A3AC826F1C0F4003071A4 /* Build configuration list for PBXNativeTarget "Sary" */ = {
			isa = XCConfigurationList;
			buildConfigurations = (
				4B6A3AC926F1C0F4003071A4 /* Debug */,
				4B6A3ACA26F1C0F4003071A4 /* Release */,
			);
			defaultConfigurationIsVisible = 0;
			defaultConfigurationName = Release;
		};
/* End XCConfigurationList section */
	};
	rootObject = 4B6A3AAC26F1C0EF003071A4 /* Project object */;
}
